
Microsoft Visual Studio Solution File, Format Version 12.00
# Visual Studio Version 16
VisualStudioVersion = 16.0.29728.190
MinimumVisualStudioVersion = 10.0.40219.1
Project("{FAE04EC0-301F-11D3-BF4B-00C04F79EFBC}") = "rPSLSGame", "rPSLSGame.csproj", "{2D037980-F0A8-4DAB-8121-6FEFD7914821}"
EndProject
Global
	GlobalSection(SolutionConfigurationPlatforms) = preSolution
		Debug|Any CPU = Debug|Any CPU
		Release|Any CPU = Release|Any CPU
	EndGlobalSection
	GlobalSection(ProjectConfigurationPlatforms) = postSolution
		{2D037980-F0A8-4DAB-8121-6FEFD7914821}.Debug|Any CPU.ActiveCfg = Debug|Any CPU
		{2D037980-F0A8-4DAB-8121-6FEFD7914821}.Debug|Any CPU.Build.0 = Debug|Any CPU
		{2D037980-F0A8-4DAB-8121-6FEFD7914821}.Release|Any CPU.ActiveCfg = Release|Any CPU
		{2D037980-F0A8-4DAB-8121-6FEFD7914821}.Release|Any CPU.Build.0 = Release|Any CPU
	EndGlobalSection
	GlobalSection(SolutionProperties) = preSolution
		HideSolutionNode = FALSE
	EndGlobalSection
	GlobalSection(ExtensibilityGlobals) = postSolution
		SolutionGuid = {62AAD8F4-B9B5-4829-9AED-1070A7E36981}
	EndGlobalSection
EndGlobal
